
Microsoft Visual Studio Solution File, Format Version 12.00
# Visual Studio Version 17
VisualStudioVersion = 17.14.36414.22 d17.14
MinimumVisualStudioVersion = 10.0.40219.1
Project("{FAE04EC0-301F-11D3-BF4B-00C04F79EFBC}") = "BookVectorMVC.Core", "BookVectorMVC.Core.csproj", "{D704C8E2-7D61-C048-1AC5-3E7EB7C3FE5A}"
EndProject
Global
	GlobalSection(SolutionConfigurationPlatforms) = preSolution
		Debug|Any CPU = Debug|Any CPU
		Release|Any CPU = Release|Any CPU
	EndGlobalSection
	GlobalSection(ProjectConfigurationPlatforms) = postSolution
		{D704C8E2-7D61-C048-1AC5-3E7EB7C3FE5A}.Debug|Any CPU.ActiveCfg = Debug|Any CPU
		{D704C8E2-7D61-C048-1AC5-3E7EB7C3FE5A}.Debug|Any CPU.Build.0 = Debug|Any CPU
		{D704C8E2-7D61-C048-1AC5-3E7EB7C3FE5A}.Release|Any CPU.ActiveCfg = Release|Any CPU
		{D704C8E2-7D61-C048-1AC5-3E7EB7C3FE5A}.Release|Any CPU.Build.0 = Release|Any CPU
	EndGlobalSection
	GlobalSection(SolutionProperties) = preSolution
		HideSolutionNode = FALSE
	EndGlobalSection
	GlobalSection(ExtensibilityGlobals) = postSolution
		SolutionGuid = {BB76875E-ED47-4F2F-B6B6-59BD33E452E5}
	EndGlobalSection
EndGlobal
